
Microsoft Visual Studio Solution File, Format Version 12.00
# Visual Studio Version 17
VisualStudioVersion = 17.2.32616.157
MinimumVisualStudioVersion = 10.0.40219.1
Project("{2150E333-8FDC-42A3-9474-1A3956D46DE8}") = "src", "src", "{73235CA2-1916-48F0-B844-57995D8DEEDC}"
EndProject
Project("{2150E333-8FDC-42A3-9474-1A3956D46DE8}") = "Core", "Core", "{41833E89-EAD1-48AC-A915-F215BD5059F3}"
EndProject
Project("{2150E333-8FDC-42A3-9474-1A3956D46DE8}") = "Infrastructure", "Infrastructure", "{50899F25-DB32-4061-8771-E4BDEAB92881}"
EndProject
Project("{2150E333-8FDC-42A3-9474-1A3956D46DE8}") = "Presentation", "Presentation", "{7D78C218-B59D-4E65-9635-B754521231CA}"
EndProject
Project("{9A19103F-16F7-4668-BE54-9A1E7A4F7556}") = "Application", "Application\Application.csproj", "{6FD74E46-A688-4353-AAFB-6F1D67460437}"
EndProject
Project("{9A19103F-16F7-4668-BE54-9A1E7A4F7556}") = "Domain", "Domain\Domain.csproj", "{FFA80B48-6F2F-4478-BDFE-A6274B82D97B}"
EndProject
Project("{9A19103F-16F7-4668-BE54-9A1E7A4F7556}") = "Persistence", "Persistence\Persistence.csproj", "{3151D618-5968-4269-B88D-F73769A053E6}"
EndProject
Project("{9A19103F-16F7-4668-BE54-9A1E7A4F7556}") = "Share", "Share\Share.csproj", "{8869A245-7F66-4376-BDE6-BE395EBF90A8}"
EndProject
Project("{9A19103F-16F7-4668-BE54-9A1E7A4F7556}") = "WebAPI", "WebAPI\WebAPI.csproj", "{BDFD4DA1-32A7-4322-A039-1DE3FA256950}"
EndProject
Global
	GlobalSection(SolutionConfigurationPlatforms) = preSolution
		Debug|Any CPU = Debug|Any CPU
		Release|Any CPU = Release|Any CPU
	EndGlobalSection
	GlobalSection(ProjectConfigurationPlatforms) = postSolution
		{6FD74E46-A688-4353-AAFB-6F1D67460437}.Debug|Any CPU.ActiveCfg = Debug|Any CPU
		{6FD74E46-A688-4353-AAFB-6F1D67460437}.Debug|Any CPU.Build.0 = Debug|Any CPU
		{6FD74E46-A688-4353-AAFB-6F1D67460437}.Release|Any CPU.ActiveCfg = Release|Any CPU
		{6FD74E46-A688-4353-AAFB-6F1D67460437}.Release|Any CPU.Build.0 = Release|Any CPU
		{FFA80B48-6F2F-4478-BDFE-A6274B82D97B}.Debug|Any CPU.ActiveCfg = Debug|Any CPU
		{FFA80B48-6F2F-4478-BDFE-A6274B82D97B}.Debug|Any CPU.Build.0 = Debug|Any CPU
		{FFA80B48-6F2F-4478-BDFE-A6274B82D97B}.Release|Any CPU.ActiveCfg = Release|Any CPU
		{FFA80B48-6F2F-4478-BDFE-A6274B82D97B}.Release|Any CPU.Build.0 = Release|Any CPU
		{3151D618-5968-4269-B88D-F73769A053E6}.Debug|Any CPU.ActiveCfg = Debug|Any CPU
		{3151D618-5968-4269-B88D-F73769A053E6}.Debug|Any CPU.Build.0 = Debug|Any CPU
		{3151D618-5968-4269-B88D-F73769A053E6}.Release|Any CPU.ActiveCfg = Release|Any CPU
		{3151D618-5968-4269-B88D-F73769A053E6}.Release|Any CPU.Build.0 = Release|Any CPU
		{8869A245-7F66-4376-BDE6-BE395EBF90A8}.Debug|Any CPU.ActiveCfg = Debug|Any CPU
		{8869A245-7F66-4376-BDE6-BE395EBF90A8}.Debug|Any CPU.Build.0 = Debug|Any CPU
		{8869A245-7F66-4376-BDE6-BE395EBF90A8}.Release|Any CPU.ActiveCfg = Release|Any CPU
		{8869A245-7F66-4376-BDE6-BE395EBF90A8}.Release|Any CPU.Build.0 = Release|Any CPU
		{BDFD4DA1-32A7-4322-A039-1DE3FA256950}.Debug|Any CPU.ActiveCfg = Debug|Any CPU
		{BDFD4DA1-32A7-4322-A039-1DE3FA256950}.Debug|Any CPU.Build.0 = Debug|Any CPU
		{BDFD4DA1-32A7-4322-A039-1DE3FA256950}.Release|Any CPU.ActiveCfg = Release|Any CPU
		{BDFD4DA1-32A7-4322-A039-1DE3FA256950}.Release|Any CPU.Build.0 = Release|Any CPU
	EndGlobalSection
	GlobalSection(SolutionProperties) = preSolution
		HideSolutionNode = FALSE
	EndGlobalSection
	GlobalSection(NestedProjects) = preSolution
		{41833E89-EAD1-48AC-A915-F215BD5059F3} = {73235CA2-1916-48F0-B844-57995D8DEEDC}
		{50899F25-DB32-4061-8771-E4BDEAB92881} = {73235CA2-1916-48F0-B844-57995D8DEEDC}
		{7D78C218-B59D-4E65-9635-B754521231CA} = {73235CA2-1916-48F0-B844-57995D8DEEDC}
		{6FD74E46-A688-4353-AAFB-6F1D67460437} = {41833E89-EAD1-48AC-A915-F215BD5059F3}
		{FFA80B48-6F2F-4478-BDFE-A6274B82D97B} = {41833E89-EAD1-48AC-A915-F215BD5059F3}
		{3151D618-5968-4269-B88D-F73769A053E6} = {50899F25-DB32-4061-8771-E4BDEAB92881}
		{8869A245-7F66-4376-BDE6-BE395EBF90A8} = {50899F25-DB32-4061-8771-E4BDEAB92881}
		{BDFD4DA1-32A7-4322-A039-1DE3FA256950} = {7D78C218-B59D-4E65-9635-B754521231CA}
	EndGlobalSection
	GlobalSection(ExtensibilityGlobals) = postSolution
		SolutionGuid = {89BCACC8-2381-4590-A649-4C0285632954}
	EndGlobalSection
EndGlobal
